
Microsoft Visual Studio Solution File, Format Version 12.00
# Visual Studio Version 16
VisualStudioVersion = 16.0.29926.136
MinimumVisualStudioVersion = 10.0.40219.1
Project("{FAE04EC0-301F-11D3-BF4B-00C04F79EFBC}") = "TelegramWallpaperBot(1.0)", "TelegramWallpaperBot(1.0)\TelegramWallpaperBot(1.0).csproj", "{04EE7D1A-A4E3-48CC-B9AE-BA4106AED1FB}"
EndProject
Global
	GlobalSection(SolutionConfigurationPlatforms) = preSolution
		Debug|Any CPU = Debug|Any CPU
		Release|Any CPU = Release|Any CPU
	EndGlobalSection
	GlobalSection(ProjectConfigurationPlatforms) = postSolution
		{04EE7D1A-A4E3-48CC-B9AE-BA4106AED1FB}.Debug|Any CPU.ActiveCfg = Debug|Any CPU
		{04EE7D1A-A4E3-48CC-B9AE-BA4106AED1FB}.Debug|Any CPU.Build.0 = Debug|Any CPU
		{04EE7D1A-A4E3-48CC-B9AE-BA4106AED1FB}.Release|Any CPU.ActiveCfg = Release|Any CPU
		{04EE7D1A-A4E3-48CC-B9AE-BA4106AED1FB}.Release|Any CPU.Build.0 = Release|Any CPU
	EndGlobalSection
	GlobalSection(SolutionProperties) = preSolution
		HideSolutionNode = FALSE
	EndGlobalSection
	GlobalSection(ExtensibilityGlobals) = postSolution
		SolutionGuid = {D47F71F4-AEC6-49A9-9294-1BE9439B14CA}
	EndGlobalSection
EndGlobal
